// !$*UTF8*$!
{
	archiveVersion = 1;
	classes = {
	};
	objectVersion = 56;
	objects = {

/* Begin PBXBuildFile section */
		715AD8722ABC7BE00005315B /* lesson_405App.swift in Sources */ = {isa = PBXBuildFile; fileRef = 715AD8712ABC7BE00005315B /* lesson_405App.swift */; };
		715AD8742ABC7BE00005315B /* ContentView.swift in Sources */ = {isa = PBXBuildFile; fileRef = 715AD8732ABC7BE00005315B /* ContentView.swift */; };
		715AD8762ABC7BE20005315B /* Assets.xcassets in Resources */ = {isa = PBXBuildFile; fileRef = 715AD8752ABC7BE20005315B /* Assets.xcassets */; };
		715AD8792ABC7BE20005315B /* Preview Assets.xcassets in Resources */ = {isa = PBXBuildFile; fileRef = 715AD8782ABC7BE20005315B /* Preview Assets.xcassets */; };
		715AD8802ABC7C0A0005315B /* ContactListView.swift in Sources */ = {isa = PBXBuildFile; fileRef = 715AD87F2ABC7C0A0005315B /* ContactListView.swift */; };
		715AD8822ABC7C220005315B /* ContactInfoView.swift in Sources */ = {isa = PBXBuildFile; fileRef = 715AD8812ABC7C220005315B /* ContactInfoView.swift */; };
		715AD8842ABC7C2F0005315B /* Person.swift in Sources */ = {isa = PBXBuildFile; fileRef = 715AD8832ABC7C2F0005315B /* Person.swift */; };
		715AD8862ABC883A0005315B /* ContactInfo.swift in Sources */ = {isa = PBXBuildFile; fileRef = 715AD8852ABC883A0005315B /* ContactInfo.swift */; };
		715AD8882ABCB1620005315B /* SimpleContactListView.swift in Sources */ = {isa = PBXBuildFile; fileRef = 715AD8872ABCB1620005315B /* SimpleContactListView.swift */; };
/* End PBXBuildFile section */

/* Begin PBXFileReference section */
		715AD86E2ABC7BE00005315B /* lesson 405.app */ = {isa = PBXFileReference; explicitFileType = wrapper.application; includeInIndex = 0; path = "lesson 405.app"; sourceTree = BUILT_PRODUCTS_DIR; };
		715AD8712ABC7BE00005315B /* lesson_405App.swift */ = {isa = PBXFileReference; lastKnownFileType = sourcecode.swift; path = lesson_405App.swift; sourceTree = "<group>"; };
		715AD8732ABC7BE00005315B /* ContentView.swift */ = {isa = PBXFileReference; lastKnownFileType = sourcecode.swift; path = ContentView.swift; sourceTree = "<group>"; };
		715AD8752ABC7BE20005315B /* Assets.xcassets */ = {isa = PBXFileReference; lastKnownFileType = folder.assetcatalog; path = Assets.xcassets; sourceTree = "<group>"; };
		715AD8782ABC7BE20005315B /* Preview Assets.xcassets */ = {isa = PBXFileReference; lastKnownFileType = folder.assetcatalog; path = "Preview Assets.xcassets"; sourceTree = "<group>"; };
		715AD87F2ABC7C0A0005315B /* ContactListView.swift */ = {isa = PBXFileReference; lastKnownFileType = sourcecode.swift; path = ContactListView.swift; sourceTree = "<group>"; };
		715AD8812ABC7C220005315B /* ContactInfoView.swift */ = {isa = PBXFileReference; lastKnownFileType = sourcecode.swift; path = ContactInfoView.swift; sourceTree = "<group>"; };
		715AD8832ABC7C2F0005315B /* Person.swift */ = {isa = PBXFileReference; lastKnownFileType = sourcecode.swift; path = Person.swift; sourceTree = "<group>"; };
		715AD8852ABC883A0005315B /* ContactInfo.swift */ = {isa = PBXFileReference; lastKnownFileType = sourcecode.swift; path = ContactInfo.swift; sourceTree = "<group>"; };
		715AD8872ABCB1620005315B /* SimpleContactListView.swift */ = {isa = PBXFileReference; lastKnownFileType = sourcecode.swift; path = SimpleContactListView.swift; sourceTree = "<group>"; };
/* End PBXFileReference section */

/* Begin PBXFrameworksBuildPhase section */
		715AD86B2ABC7BE00005315B /* Frameworks */ = {
			isa = PBXFrameworksBuildPhase;
			buildActionMask = 2147483647;
			files = (
			);
			runOnlyForDeploymentPostprocessing = 0;
		};
/* End PBXFrameworksBuildPhase section */

/* Begin PBXGroup section */
		715AD8652ABC7BE00005315B = {
			isa = PBXGroup;
			children = (
				715AD8702ABC7BE00005315B /* lesson 405 */,
				715AD86F2ABC7BE00005315B /* Products */,
			);
			sourceTree = "<group>";
		};
		715AD86F2ABC7BE00005315B /* Products */ = {
			isa = PBXGroup;
			children = (
				715AD86E2ABC7BE00005315B /* lesson 405.app */,
			);
			name = Products;
			sourceTree = "<group>";
		};
		715AD8702ABC7BE00005315B /* lesson 405 */ = {
			isa = PBXGroup;
			children = (
				715AD8712ABC7BE00005315B /* lesson_405App.swift */,
				715AD8732ABC7BE00005315B /* ContentView.swift */,
				715AD87F2ABC7C0A0005315B /* ContactListView.swift */,
				715AD8872ABCB1620005315B /* SimpleContactListView.swift */,
				715AD8852ABC883A0005315B /* ContactInfo.swift */,
				715AD8812ABC7C220005315B /* ContactInfoView.swift */,
				715AD8832ABC7C2F0005315B /* Person.swift */,
				715AD8752ABC7BE20005315B /* Assets.xcassets */,
				715AD8772ABC7BE20005315B /* Preview Content */,
			);
			path = "lesson 405";
			sourceTree = "<group>";
		};
		715AD8772ABC7BE20005315B /* Preview Content */ = {
			isa = PBXGroup;
			children = (
				715AD8782ABC7BE20005315B /* Preview Assets.xcassets */,
			);
			path = "Preview Content";
			sourceTree = "<group>";
		};
/* End PBXGroup section */

/* Begin PBXNativeTarget section */
		715AD86D2ABC7BE00005315B /* lesson 405 */ = {
			isa = PBXNativeTarget;
			buildConfigurationList = 715AD87C2ABC7BE20005315B /* Build configuration list for PBXNativeTarget "lesson 405" */;
			buildPhases = (
				715AD86A2ABC7BE00005315B /* Sources */,
				715AD86B2ABC7BE00005315B /* Frameworks */,
				715AD86C2ABC7BE00005315B /* Resources */,
			);
			buildRules = (
			);
			dependencies = (
			);
			name = "lesson 405";
			productName = "lesson 405";
			productReference = 715AD86E2ABC7BE00005315B /* lesson 405.app */;
			productType = "com.apple.product-type.application";
		};
/* End PBXNativeTarget section */

/* Begin PBXProject section */
		715AD8662ABC7BE00005315B /* Project object */ = {
			isa = PBXProject;
			attributes = {
				BuildIndependentTargetsInParallel = 1;
				LastSwiftUpdateCheck = 1430;
				LastUpgradeCheck = 1430;
				TargetAttributes = {
					715AD86D2ABC7BE00005315B = {
						CreatedOnToolsVersion = 14.3.1;
					};
				};
			};
			buildConfigurationList = 715AD8692ABC7BE00005315B /* Build configuration list for PBXProject "lesson 405" */;
			compatibilityVersion = "Xcode 14.0";
			developmentRegion = en;
			hasScannedForEncodings = 0;
			knownRegions = (
				en,
				Base,
			);
			mainGroup = 715AD8652ABC7BE00005315B;
			productRefGroup = 715AD86F2ABC7BE00005315B /* Products */;
			projectDirPath = "";
			projectRoot = "";
			targets = (
				715AD86D2ABC7BE00005315B /* lesson 405 */,
			);
		};
/* End PBXProject section */

/* Begin PBXResourcesBuildPhase section */
		715AD86C2ABC7BE00005315B /* Resources */ = {
			isa = PBXResourcesBuildPhase;
			buildActionMask = 2147483647;
			files = (
				715AD8792ABC7BE20005315B /* Preview Assets.xcassets in Resources */,
				715AD8762ABC7BE20005315B /* Assets.xcassets in Resources */,
			);
			runOnlyForDeploymentPostprocessing = 0;
		};
/* End PBXResourcesBuildPhase section */

/* Begin PBXSourcesBuildPhase section */
		715AD86A2ABC7BE00005315B /* Sources */ = {
			isa = PBXSourcesBuildPhase;
			buildActionMask = 2147483647;
			files = (
				715AD8862ABC883A0005315B /* ContactInfo.swift in Sources */,
				715AD8802ABC7C0A0005315B /* ContactListView.swift in Sources */,
				715AD8742ABC7BE00005315B /* ContentView.swift in Sources */,
				715AD8842ABC7C2F0005315B /* Person.swift in Sources */,
				715AD8882ABCB1620005315B /* SimpleContactListView.swift in Sources */,
				715AD8722ABC7BE00005315B /* lesson_405App.swift in Sources */,
				715AD8822ABC7C220005315B /* ContactInfoView.swift in Sources */,
			);
			runOnlyForDeploymentPostprocessing = 0;
		};
/* End PBXSourcesBuildPhase section */

/* Begin XCBuildConfiguration section */
		715AD87A2ABC7BE20005315B /* Debug */ = {
			isa = XCBuildConfiguration;
			buildSettings = {
				ALWAYS_SEARCH_USER_PATHS = NO;
				CLANG_ANALYZER_NONNULL = YES;
				CLANG_ANALYZER_NUMBER_OBJECT_CONVERSION = YES_AGGRESSIVE;
				CLANG_CXX_LANGUAGE_STANDARD = "gnu++20";
				CLANG_ENABLE_MODULES = YES;
				CLANG_ENABLE_OBJC_ARC = YES;
				CLANG_ENABLE_OBJC_WEAK = YES;
				CLANG_WARN_BLOCK_CAPTURE_AUTORELEASING = YES;
				CLANG_WARN_BOOL_CONVERSION = YES;
				CLANG_WARN_COMMA = YES;
				CLANG_WARN_CONSTANT_CONVERSION = YES;
				CLANG_WARN_DEPRECATED_OBJC_IMPLEMENTATIONS = YES;
				CLANG_WARN_DIRECT_OBJC_ISA_USAGE = YES_ERROR;
				CLANG_WARN_DOCUMENTATION_COMMENTS = YES;
				CLANG_WARN_EMPTY_BODY = YES;
				CLANG_WARN_ENUM_CONVERSION = YES;
				CLANG_WARN_INFINITE_RECURSION = YES;
				CLANG_WARN_INT_CONVERSION = YES;
				CLANG_WARN_NON_LITERAL_NULL_CONVERSION = YES;
				CLANG_WARN_OBJC_IMPLICIT_RETAIN_SELF = YES;
				CLANG_WARN_OBJC_LITERAL_CONVERSION = YES;
				CLANG_WARN_OBJC_ROOT_CLASS = YES_ERROR;
				CLANG_WARN_QUOTED_INCLUDE_IN_FRAMEWORK_HEADER = YES;
				CLANG_WARN_RANGE_LOOP_ANALYSIS = YES;
				CLANG_WARN_STRICT_PROTOTYPES = YES;
				CLANG_WARN_SUSPICIOUS_MOVE = YES;
				CLANG_WARN_UNGUARDED_AVAILABILITY = YES_AGGRESSIVE;
				CLANG_WARN_UNREACHABLE_CODE = YES;
				CLANG_WARN__DUPLICATE_METHOD_MATCH = YES;
				COPY_PHASE_STRIP = NO;
				DEBUG_INFORMATION_FORMAT = dwarf;
				ENABLE_STRICT_OBJC_MSGSEND = YES;
				ENABLE_TESTABILITY = YES;
				GCC_C_LANGUAGE_STANDARD = gnu11;
				GCC_DYNAMIC_NO_PIC = NO;
				GCC_NO_COMMON_BLOCKS = YES;
				GCC_OPTIMIZATION_LEVEL = 0;
				GCC_PREPROCESSOR_DEFINITIONS = (
					"DEBUG=1",
					"$(inherited)",
				);
				GCC_WARN_64_TO_32_BIT_CONVERSION = YES;
				GCC_WARN_ABOUT_RETURN_TYPE = YES_ERROR;
				GCC_WARN_UNDECLARED_SELECTOR = YES;
				GCC_WARN_UNINITIALIZED_AUTOS = YES_AGGRESSIVE;
				GCC_WARN_UNUSED_FUNCTION = YES;
				GCC_WARN_UNUSED_VARIABLE = YES;
				IPHONEOS_DEPLOYMENT_TARGET = 16.4;
				MTL_ENABLE_DEBUG_INFO = INCLUDE_SOURCE;
				MTL_FAST_MATH = YES;
				ONLY_ACTIVE_ARCH = YES;
				SDKROOT = iphoneos;
				SWIFT_ACTIVE_COMPILATION_CONDITIONS = DEBUG;
				SWIFT_OPTIMIZATION_LEVEL = "-Onone";
			};
			name = Debug;
		};
		715AD87B2ABC7BE20005315B /* Release */ = {
			isa = XCBuildConfiguration;
			buildSettings = {
				ALWAYS_SEARCH_USER_PATHS = NO;
				CLANG_ANALYZER_NONNULL = YES;
				CLANG_ANALYZER_NUMBER_OBJECT_CONVERSION = YES_AGGRESSIVE;
				CLANG_CXX_LANGUAGE_STANDARD = "gnu++20";
				CLANG_ENABLE_MODULES = YES;
				CLANG_ENABLE_OBJC_ARC = YES;
				CLANG_ENABLE_OBJC_WEAK = YES;
				CLANG_WARN_BLOCK_CAPTURE_AUTORELEASING = YES;
				CLANG_WARN_BOOL_CONVERSION = YES;
				CLANG_WARN_COMMA = YES;
				CLANG_WARN_CONSTANT_CONVERSION = YES;
				CLANG_WARN_DEPRECATED_OBJC_IMPLEMENTATIONS = YES;
				CLANG_WARN_DIRECT_OBJC_ISA_USAGE = YES_ERROR;
				CLANG_WARN_DOCUMENTATION_COMMENTS = YES;
				CLANG_WARN_EMPTY_BODY = YES;
				CLANG_WARN_ENUM_CONVERSION = YES;
				CLANG_WARN_INFINITE_RECURSION = YES;
				CLANG_WARN_INT_CONVERSION = YES;
				CLANG_WARN_NON_LITERAL_NULL_CONVERSION = YES;
				CLANG_WARN_OBJC_IMPLICIT_RETAIN_SELF = YES;
				CLANG_WARN_OBJC_LITERAL_CONVERSION = YES;
				CLANG_WARN_OBJC_ROOT_CLASS = YES_ERROR;
				CLANG_WARN_QUOTED_INCLUDE_IN_FRAMEWORK_HEADER = YES;
				CLANG_WARN_RANGE_LOOP_ANALYSIS = YES;
				CLANG_WARN_STRICT_PROTOTYPES = YES;
				CLANG_WARN_SUSPICIOUS_MOVE = YES;
				CLANG_WARN_UNGUARDED_AVAILABILITY = YES_AGGRESSIVE;
				CLANG_WARN_UNREACHABLE_CODE = YES;
				CLANG_WARN__DUPLICATE_METHOD_MATCH = YES;
				COPY_PHASE_STRIP = NO;
				DEBUG_INFORMATION_FORMAT = "dwarf-with-dsym";
				ENABLE_NS_ASSERTIONS = NO;
				ENABLE_STRICT_OBJC_MSGSEND = YES;
				GCC_C_LANGUAGE_STANDARD = gnu11;
				GCC_NO_COMMON_BLOCKS = YES;
				GCC_WARN_64_TO_32_BIT_CONVERSION = YES;
				GCC_WARN_ABOUT_RETURN_TYPE = YES_ERROR;
				GCC_WARN_UNDECLARED_SELECTOR = YES;
				GCC_WARN_UNINITIALIZED_AUTOS = YES_AGGRESSIVE;
				GCC_WARN_UNUSED_FUNCTION = YES;
				GCC_WARN_UNUSED_VARIABLE = YES;
				IPHONEOS_DEPLOYMENT_TARGET = 16.4;
				MTL_ENABLE_DEBUG_INFO = NO;
				MTL_FAST_MATH = YES;
				SDKROOT = iphoneos;
				SWIFT_COMPILATION_MODE = wholemodule;
				SWIFT_OPTIMIZATION_LEVEL = "-O";
				VALIDATE_PRODUCT = YES;
			};
			name = Release;
		};
		715AD87D2ABC7BE20005315B /* Debug */ = {
			isa = XCBuildConfiguration;
			buildSettings = {
				ASSETCATALOG_COMPILER_APPICON_NAME = AppIcon;
				ASSETCATALOG_COMPILER_GLOBAL_ACCENT_COLOR_NAME = AccentColor;
				CODE_SIGN_STYLE = Automatic;
				CURRENT_PROJECT_VERSION = 1;
				DEVELOPMENT_ASSET_PATHS = "\"lesson 405/Preview Content\"";
				ENABLE_PREVIEWS = YES;
				GENERATE_INFOPLIST_FILE = YES;
				INFOPLIST_KEY_UIApplicationSceneManifest_Generation = YES;
				INFOPLIST_KEY_UIApplicationSupportsIndirectInputEvents = YES;
				INFOPLIST_KEY_UILaunchScreen_Generation = YES;
				INFOPLIST_KEY_UISupportedInterfaceOrientations_iPad = "UIInterfaceOrientationPortrait UIInterfaceOrientationPortraitUpsideDown UIInterfaceOrientationLandscapeLeft UIInterfaceOrientationLandscapeRight";
				INFOPLIST_KEY_UISupportedInterfaceOrientations_iPhone = "UIInterfaceOrientationPortrait UIInterfaceOrientationLandscapeLeft UIInterfaceOrientationLandscapeRight";
				LD_RUNPATH_SEARCH_PATHS = (
					"$(inherited)",
					"@executable_path/Frameworks",
				);
				MARKETING_VERSION = 1.0;
				PRODUCT_BUNDLE_IDENTIFIER = "lalalalal.lesson-405";
				PRODUCT_NAME = "$(TARGET_NAME)";
				SWIFT_EMIT_LOC_STRINGS = YES;
				SWIFT_VERSION = 5.0;
				TARGETED_DEVICE_FAMILY = "1,2";
			};
			name = Debug;
		};
		715AD87E2ABC7BE20005315B /* Release */ = {
			isa = XCBuildConfiguration;
			buildSettings = {
				ASSETCATALOG_COMPILER_APPICON_NAME = AppIcon;
				ASSETCATALOG_COMPILER_GLOBAL_ACCENT_COLOR_NAME = AccentColor;
				CODE_SIGN_STYLE = Automatic;
				CURRENT_PROJECT_VERSION = 1;
				DEVELOPMENT_ASSET_PATHS = "\"lesson 405/Preview Content\"";
				ENABLE_PREVIEWS = YES;
				GENERATE_INFOPLIST_FILE = YES;
				INFOPLIST_KEY_UIApplicationSceneManifest_Generation = YES;
				INFOPLIST_KEY_UIApplicationSupportsIndirectInputEvents = YES;
				INFOPLIST_KEY_UILaunchScreen_Generation = YES;
				INFOPLIST_KEY_UISupportedInterfaceOrientations_iPad = "UIInterfaceOrientationPortrait UIInterfaceOrientationPortraitUpsideDown UIInterfaceOrientationLandscapeLeft UIInterfaceOrientationLandscapeRight";
				INFOPLIST_KEY_UISupportedInterfaceOrientations_iPhone = "UIInterfaceOrientationPortrait UIInterfaceOrientationLandscapeLeft UIInterfaceOrientationLandscapeRight";
				LD_RUNPATH_SEARCH_PATHS = (
					"$(inherited)",
					"@executable_path/Frameworks",
				);
				MARKETING_VERSION = 1.0;
				PRODUCT_BUNDLE_IDENTIFIER = "lalalalal.lesson-405";
				PRODUCT_NAME = "$(TARGET_NAME)";
				SWIFT_EMIT_LOC_STRINGS = YES;
				SWIFT_VERSION = 5.0;
				TARGETED_DEVICE_FAMILY = "1,2";
			};
			name = Release;
		};
/* End XCBuildConfiguration section */

/* Begin XCConfigurationList section */
		715AD8692ABC7BE00005315B /* Build configuration list for PBXProject "lesson 405" */ = {
			isa = XCConfigurationList;
			buildConfigurations = (
				715AD87A2ABC7BE20005315B /* Debug */,
				715AD87B2ABC7BE20005315B /* Release */,
			);
			defaultConfigurationIsVisible = 0;
			defaultConfigurationName = Release;
		};
		715AD87C2ABC7BE20005315B /* Build configuration list for PBXNativeTarget "lesson 405" */ = {
			isa = XCConfigurationList;
			buildConfigurations = (
				715AD87D2ABC7BE20005315B /* Debug */,
				715AD87E2ABC7BE20005315B /* Release */,
			);
			defaultConfigurationIsVisible = 0;
			defaultConfigurationName = Release;
		};
/* End XCConfigurationList section */
	};
	rootObject = 715AD8662ABC7BE00005315B /* Project object */;
}
